
Microsoft Visual Studio Solution File, Format Version 12.00
# Visual Studio Version 17
VisualStudioVersion = 17.0.31912.275
MinimumVisualStudioVersion = 10.0.40219.1
Project("{FAE04EC0-301F-11D3-BF4B-00C04F79EFBC}") = "ClassLibrary1", "ClassLibrary1\ClassLibrary1.csproj", "{428E6526-B82F-44BC-887F-61ADCA7E28BC}"
EndProject
Project("{FAE04EC0-301F-11D3-BF4B-00C04F79EFBC}") = "ProgramUI", "ProgramUI\ProgramUI.csproj", "{A699D7BC-6F1F-41A8-A72B-8E88D27CAC45}"
EndProject
Global
	GlobalSection(SolutionConfigurationPlatforms) = preSolution
		Debug|Any CPU = Debug|Any CPU
		Release|Any CPU = Release|Any CPU
	EndGlobalSection
	GlobalSection(ProjectConfigurationPlatforms) = postSolution
		{428E6526-B82F-44BC-887F-61ADCA7E28BC}.Debug|Any CPU.ActiveCfg = Debug|Any CPU
		{428E6526-B82F-44BC-887F-61ADCA7E28BC}.Debug|Any CPU.Build.0 = Debug|Any CPU
		{428E6526-B82F-44BC-887F-61ADCA7E28BC}.Release|Any CPU.ActiveCfg = Release|Any CPU
		{428E6526-B82F-44BC-887F-61ADCA7E28BC}.Release|Any CPU.Build.0 = Release|Any CPU
		{A699D7BC-6F1F-41A8-A72B-8E88D27CAC45}.Debug|Any CPU.ActiveCfg = Debug|Any CPU
		{A699D7BC-6F1F-41A8-A72B-8E88D27CAC45}.Debug|Any CPU.Build.0 = Debug|Any CPU
		{A699D7BC-6F1F-41A8-A72B-8E88D27CAC45}.Release|Any CPU.ActiveCfg = Release|Any CPU
		{A699D7BC-6F1F-41A8-A72B-8E88D27CAC45}.Release|Any CPU.Build.0 = Release|Any CPU
	EndGlobalSection
	GlobalSection(SolutionProperties) = preSolution
		HideSolutionNode = FALSE
	EndGlobalSection
	GlobalSection(ExtensibilityGlobals) = postSolution
		SolutionGuid = {AECD3000-1F52-43D8-94DE-0CD4751E052A}
	EndGlobalSection
EndGlobal
